
Microsoft Visual Studio Solution File, Format Version 12.00
# Visual Studio Version 16
VisualStudioVersion = 16.0.31025.194
MinimumVisualStudioVersion = 10.0.40219.1
Project("{FAE04EC0-301F-11D3-BF4B-00C04F79EFBC}") = "UserMaintenance", "UserMaintenance\UserMaintenance.csproj", "{23B88787-5FE6-416A-9F2C-217E909730DD}"
EndProject
Project("{FAE04EC0-301F-11D3-BF4B-00C04F79EFBC}") = "ExcelGeneralas", "ExcelGeneralas\ExcelGeneralas.csproj", "{7F4890D0-402C-494A-9E3D-46F0787BC254}"
EndProject
Project("{FAE04EC0-301F-11D3-BF4B-00C04F79EFBC}") = "Mikroszimuláció", "Mikroszimuláció\Mikroszimuláció.csproj", "{2BB0FB1C-F628-4C09-A3FA-5503D2EF4EB8}"
EndProject
Global
	GlobalSection(SolutionConfigurationPlatforms) = preSolution
		Debug|Any CPU = Debug|Any CPU
		Release|Any CPU = Release|Any CPU
	EndGlobalSection
	GlobalSection(ProjectConfigurationPlatforms) = postSolution
		{23B88787-5FE6-416A-9F2C-217E909730DD}.Debug|Any CPU.ActiveCfg = Debug|Any CPU
		{23B88787-5FE6-416A-9F2C-217E909730DD}.Debug|Any CPU.Build.0 = Debug|Any CPU
		{23B88787-5FE6-416A-9F2C-217E909730DD}.Release|Any CPU.ActiveCfg = Release|Any CPU
		{23B88787-5FE6-416A-9F2C-217E909730DD}.Release|Any CPU.Build.0 = Release|Any CPU
		{7F4890D0-402C-494A-9E3D-46F0787BC254}.Debug|Any CPU.ActiveCfg = Debug|Any CPU
		{7F4890D0-402C-494A-9E3D-46F0787BC254}.Debug|Any CPU.Build.0 = Debug|Any CPU
		{7F4890D0-402C-494A-9E3D-46F0787BC254}.Release|Any CPU.ActiveCfg = Release|Any CPU
		{7F4890D0-402C-494A-9E3D-46F0787BC254}.Release|Any CPU.Build.0 = Release|Any CPU
		{2BB0FB1C-F628-4C09-A3FA-5503D2EF4EB8}.Debug|Any CPU.ActiveCfg = Debug|Any CPU
		{2BB0FB1C-F628-4C09-A3FA-5503D2EF4EB8}.Debug|Any CPU.Build.0 = Debug|Any CPU
		{2BB0FB1C-F628-4C09-A3FA-5503D2EF4EB8}.Release|Any CPU.ActiveCfg = Release|Any CPU
		{2BB0FB1C-F628-4C09-A3FA-5503D2EF4EB8}.Release|Any CPU.Build.0 = Release|Any CPU
	EndGlobalSection
	GlobalSection(SolutionProperties) = preSolution
		HideSolutionNode = FALSE
	EndGlobalSection
	GlobalSection(ExtensibilityGlobals) = postSolution
		SolutionGuid = {A3A30248-082A-426D-902B-CD9A40E55E1D}
	EndGlobalSection
EndGlobal
